
Microsoft Visual Studio Solution File, Format Version 12.00
# Visual Studio 15
VisualStudioVersion = 15.0.28307.705
MinimumVisualStudioVersion = 10.0.40219.1
Project("{2150E333-8FDC-42A3-9474-1A3956D46DE8}") = "Physics", "Physics", "{D732B01D-B0FA-421A-A736-5D88F68CD532}"
EndProject
Project("{2150E333-8FDC-42A3-9474-1A3956D46DE8}") = "Input", "Input", "{A5562902-5725-47A9-B058-429D820A6B22}"
EndProject
Project("{2150E333-8FDC-42A3-9474-1A3956D46DE8}") = "UI", "UI", "{0EBD3DBE-C0F0-4052-823F-25787AD69759}"
EndProject
Project("{2150E333-8FDC-42A3-9474-1A3956D46DE8}") = "Core", "Core", "{5BF84A87-409D-4FDA-A4AF-3745F2D633A2}"
EndProject
Project("{2150E333-8FDC-42A3-9474-1A3956D46DE8}") = "Interfaces", "Interfaces", "{078D7A4C-C9DE-43DB-A7F8-8BA2E823E98B}"
EndProject
Project("{FAE04EC0-301F-11D3-BF4B-00C04F79EFBC}") = "Pong.Core", "Pong.Core\Pong.Core.csproj", "{E7922478-A845-4EB2-AD66-1143B8AFE48F}"
EndProject
Project("{FAE04EC0-301F-11D3-BF4B-00C04F79EFBC}") = "Pong.Input", "Pong.Input\Pong.Input.csproj", "{E288CCB5-B3BF-4730-A1FB-FE20353F6263}"
EndProject
Project("{FAE04EC0-301F-11D3-BF4B-00C04F79EFBC}") = "Pong.Interfaces", "Pong.Interfaces\Pong.Interfaces.csproj", "{57D8D702-4E9E-4283-B5EF-CAF450C9AF24}"
EndProject
Project("{FAE04EC0-301F-11D3-BF4B-00C04F79EFBC}") = "Pong.Physics", "Pong.Physics\Pong.Physics.csproj", "{D590DADB-F14A-4CEA-9804-56E9DCAEABCC}"
EndProject
Project("{FAE04EC0-301F-11D3-BF4B-00C04F79EFBC}") = "Pong.UI", "Pong.UI\Pong.UI.csproj", "{90F0D866-0F35-40B6-85AA-8044745AB163}"
EndProject
Project("{FAE04EC0-301F-11D3-BF4B-00C04F79EFBC}") = "Pong.Desktop", "Pong.Desktop\Pong.Desktop.csproj", "{22C3378E-FECC-4D7E-B59D-B82F90777B03}"
EndProject
Project("{FAE04EC0-301F-11D3-BF4B-00C04F79EFBC}") = "Pong.Android", "Pong.Android\Pong.Android.csproj", "{2268B39D-2BFD-483F-9C7B-7CF760827784}"
EndProject
Project("{2150E333-8FDC-42A3-9474-1A3956D46DE8}") = "Ball", "Ball", "{20E77760-82DC-4E4A-A7B8-9A03EA47120D}"
EndProject
Project("{2150E333-8FDC-42A3-9474-1A3956D46DE8}") = "Player", "Player", "{15B8823C-C8F6-409F-8E6B-D63C39B87BBB}"
EndProject
Project("{2150E333-8FDC-42A3-9474-1A3956D46DE8}") = "Enemy", "Enemy", "{3A2D2A59-8EBF-4FDB-88C9-69A1BBF80A28}"
EndProject
Project("{2150E333-8FDC-42A3-9474-1A3956D46DE8}") = "Mediator", "Mediator", "{D91A8148-576B-4305-8EC2-227F36020015}"
EndProject
Project("{2150E333-8FDC-42A3-9474-1A3956D46DE8}") = "Deploy", "Deploy", "{D7991E51-45B6-4DA9-B494-E955692B62A1}"
EndProject
Project("{FAE04EC0-301F-11D3-BF4B-00C04F79EFBC}") = "Pong.Deploy", "Pong.Deploy\Pong.Deploy.csproj", "{A609603E-1962-4D38-B3D1-D6C99DEB1C3F}"
EndProject
Project("{2150E333-8FDC-42A3-9474-1A3956D46DE8}") = "Table", "Table", "{AE846291-C5F1-4C6D-B08A-A50C3D87B4AB}"
EndProject
Project("{FAE04EC0-301F-11D3-BF4B-00C04F79EFBC}") = "Pong.Table", "Pong.Table\Pong.Table.csproj", "{9C4A8B49-DAA2-479D-997A-5053ED3500B1}"
EndProject
Project("{2150E333-8FDC-42A3-9474-1A3956D46DE8}") = "Content", "Content", "{957A03E9-D373-4314-ACC5-FA088FF31249}"
EndProject
Project("{FAE04EC0-301F-11D3-BF4B-00C04F79EFBC}") = "Pong.Content", "Pong.Content\Pong.Content.csproj", "{2638ECC8-BF35-4176-AC38-23713682173B}"
EndProject
Project("{2150E333-8FDC-42A3-9474-1A3956D46DE8}") = "Graphics", "Graphics", "{EE18DA25-1803-448B-8F80-D9B1029AD5A8}"
EndProject
Project("{FAE04EC0-301F-11D3-BF4B-00C04F79EFBC}") = "Pong.Graphics", "Pong.Graphics\Pong.Graphics.csproj", "{389BB1EC-27DA-45DE-A71F-59063AF46208}"
EndProject
Project("{FAE04EC0-301F-11D3-BF4B-00C04F79EFBC}") = "Pong.Enemy", "Pong.Enemy\Pong.Enemy.csproj", "{36A3358C-E045-45BD-A690-ACABB19F64A8}"
EndProject
Project("{FAE04EC0-301F-11D3-BF4B-00C04F79EFBC}") = "Pong.Player", "Pong.Player\Pong.Player.csproj", "{2ADA1175-E9D9-4A62-8FC0-3E5D6B3EF0C7}"
EndProject
Project("{FAE04EC0-301F-11D3-BF4B-00C04F79EFBC}") = "Pong.Mediation", "Pong.Mediation\Pong.Mediation.csproj", "{7C6A674E-E8BD-4FDE-A021-10D883AA2EF7}"
EndProject
Project("{FAE04EC0-301F-11D3-BF4B-00C04F79EFBC}") = "Pong.Ball", "Pong.Ball\Pong.Ball.csproj", "{A477F570-7470-4AA6-8898-6A554585E729}"
EndProject
Global
	GlobalSection(SolutionConfigurationPlatforms) = preSolution
		Debug|Any CPU = Debug|Any CPU
		Debug|ARM = Debug|ARM
		Debug|ARM64 = Debug|ARM64
		Debug|x64 = Debug|x64
		Debug|x86 = Debug|x86
		Release|Any CPU = Release|Any CPU
		Release|ARM = Release|ARM
		Release|ARM64 = Release|ARM64
		Release|x64 = Release|x64
		Release|x86 = Release|x86
	EndGlobalSection
	GlobalSection(ProjectConfigurationPlatforms) = postSolution
		{E7922478-A845-4EB2-AD66-1143B8AFE48F}.Debug|Any CPU.ActiveCfg = Debug|Any CPU
		{E7922478-A845-4EB2-AD66-1143B8AFE48F}.Debug|Any CPU.Build.0 = Debug|Any CPU
		{E7922478-A845-4EB2-AD66-1143B8AFE48F}.Debug|ARM.ActiveCfg = Debug|Any CPU
		{E7922478-A845-4EB2-AD66-1143B8AFE48F}.Debug|ARM.Build.0 = Debug|Any CPU
		{E7922478-A845-4EB2-AD66-1143B8AFE48F}.Debug|ARM64.ActiveCfg = Debug|Any CPU
		{E7922478-A845-4EB2-AD66-1143B8AFE48F}.Debug|ARM64.Build.0 = Debug|Any CPU
		{E7922478-A845-4EB2-AD66-1143B8AFE48F}.Debug|x64.ActiveCfg = Debug|Any CPU
		{E7922478-A845-4EB2-AD66-1143B8AFE48F}.Debug|x64.Build.0 = Debug|Any CPU
		{E7922478-A845-4EB2-AD66-1143B8AFE48F}.Debug|x86.ActiveCfg = Debug|Any CPU
		{E7922478-A845-4EB2-AD66-1143B8AFE48F}.Debug|x86.Build.0 = Debug|Any CPU
		{E7922478-A845-4EB2-AD66-1143B8AFE48F}.Release|Any CPU.ActiveCfg = Release|Any CPU
		{E7922478-A845-4EB2-AD66-1143B8AFE48F}.Release|Any CPU.Build.0 = Release|Any CPU
		{E7922478-A845-4EB2-AD66-1143B8AFE48F}.Release|ARM.ActiveCfg = Release|Any CPU
		{E7922478-A845-4EB2-AD66-1143B8AFE48F}.Release|ARM.Build.0 = Release|Any CPU
		{E7922478-A845-4EB2-AD66-1143B8AFE48F}.Release|ARM64.ActiveCfg = Release|Any CPU
		{E7922478-A845-4EB2-AD66-1143B8AFE48F}.Release|ARM64.Build.0 = Release|Any CPU
		{E7922478-A845-4EB2-AD66-1143B8AFE48F}.Release|x64.ActiveCfg = Release|Any CPU
		{E7922478-A845-4EB2-AD66-1143B8AFE48F}.Release|x64.Build.0 = Release|Any CPU
		{E7922478-A845-4EB2-AD66-1143B8AFE48F}.Release|x86.ActiveCfg = Release|Any CPU
		{E7922478-A845-4EB2-AD66-1143B8AFE48F}.Release|x86.Build.0 = Release|Any CPU
		{E288CCB5-B3BF-4730-A1FB-FE20353F6263}.Debug|Any CPU.ActiveCfg = Debug|Any CPU
		{E288CCB5-B3BF-4730-A1FB-FE20353F6263}.Debug|Any CPU.Build.0 = Debug|Any CPU
		{E288CCB5-B3BF-4730-A1FB-FE20353F6263}.Debug|ARM.ActiveCfg = Debug|Any CPU
		{E288CCB5-B3BF-4730-A1FB-FE20353F6263}.Debug|ARM.Build.0 = Debug|Any CPU
		{E288CCB5-B3BF-4730-A1FB-FE20353F6263}.Debug|ARM64.ActiveCfg = Debug|Any CPU
		{E288CCB5-B3BF-4730-A1FB-FE20353F6263}.Debug|ARM64.Build.0 = Debug|Any CPU
		{E288CCB5-B3BF-4730-A1FB-FE20353F6263}.Debug|x64.ActiveCfg = Debug|Any CPU
		{E288CCB5-B3BF-4730-A1FB-FE20353F6263}.Debug|x64.Build.0 = Debug|Any CPU
		{E288CCB5-B3BF-4730-A1FB-FE20353F6263}.Debug|x86.ActiveCfg = Debug|Any CPU
		{E288CCB5-B3BF-4730-A1FB-FE20353F6263}.Debug|x86.Build.0 = Debug|Any CPU
		{E288CCB5-B3BF-4730-A1FB-FE20353F6263}.Release|Any CPU.ActiveCfg = Release|Any CPU
		{E288CCB5-B3BF-4730-A1FB-FE20353F6263}.Release|Any CPU.Build.0 = Release|Any CPU
		{E288CCB5-B3BF-4730-A1FB-FE20353F6263}.Release|ARM.ActiveCfg = Release|Any CPU
		{E288CCB5-B3BF-4730-A1FB-FE20353F6263}.Release|ARM.Build.0 = Release|Any CPU
		{E288CCB5-B3BF-4730-A1FB-FE20353F6263}.Release|ARM64.ActiveCfg = Release|Any CPU
		{E288CCB5-B3BF-4730-A1FB-FE20353F6263}.Release|ARM64.Build.0 = Release|Any CPU
		{E288CCB5-B3BF-4730-A1FB-FE20353F6263}.Release|x64.ActiveCfg = Release|Any CPU
		{E288CCB5-B3BF-4730-A1FB-FE20353F6263}.Release|x64.Build.0 = Release|Any CPU
		{E288CCB5-B3BF-4730-A1FB-FE20353F6263}.Release|x86.ActiveCfg = Release|Any CPU
		{E288CCB5-B3BF-4730-A1FB-FE20353F6263}.Release|x86.Build.0 = Release|Any CPU
		{57D8D702-4E9E-4283-B5EF-CAF450C9AF24}.Debug|Any CPU.ActiveCfg = Debug|Any CPU
		{57D8D702-4E9E-4283-B5EF-CAF450C9AF24}.Debug|Any CPU.Build.0 = Debug|Any CPU
		{57D8D702-4E9E-4283-B5EF-CAF450C9AF24}.Debug|ARM.ActiveCfg = Debug|Any CPU
		{57D8D702-4E9E-4283-B5EF-CAF450C9AF24}.Debug|ARM.Build.0 = Debug|Any CPU
		{57D8D702-4E9E-4283-B5EF-CAF450C9AF24}.Debug|ARM64.ActiveCfg = Debug|Any CPU
		{57D8D702-4E9E-4283-B5EF-CAF450C9AF24}.Debug|ARM64.Build.0 = Debug|Any CPU
		{57D8D702-4E9E-4283-B5EF-CAF450C9AF24}.Debug|x64.ActiveCfg = Debug|Any CPU
		{57D8D702-4E9E-4283-B5EF-CAF450C9AF24}.Debug|x64.Build.0 = Debug|Any CPU
		{57D8D702-4E9E-4283-B5EF-CAF450C9AF24}.Debug|x86.ActiveCfg = Debug|Any CPU
		{57D8D702-4E9E-4283-B5EF-CAF450C9AF24}.Debug|x86.Build.0 = Debug|Any CPU
		{57D8D702-4E9E-4283-B5EF-CAF450C9AF24}.Release|Any CPU.ActiveCfg = Release|Any CPU
		{57D8D702-4E9E-4283-B5EF-CAF450C9AF24}.Release|Any CPU.Build.0 = Release|Any CPU
		{57D8D702-4E9E-4283-B5EF-CAF450C9AF24}.Release|ARM.ActiveCfg = Release|Any CPU
		{57D8D702-4E9E-4283-B5EF-CAF450C9AF24}.Release|ARM.Build.0 = Release|Any CPU
		{57D8D702-4E9E-4283-B5EF-CAF450C9AF24}.Release|ARM64.ActiveCfg = Release|Any CPU
		{57D8D702-4E9E-4283-B5EF-CAF450C9AF24}.Release|ARM64.Build.0 = Release|Any CPU
		{57D8D702-4E9E-4283-B5EF-CAF450C9AF24}.Release|x64.ActiveCfg = Release|Any CPU
		{57D8D702-4E9E-4283-B5EF-CAF450C9AF24}.Release|x64.Build.0 = Release|Any CPU
		{57D8D702-4E9E-4283-B5EF-CAF450C9AF24}.Release|x86.ActiveCfg = Release|Any CPU
		{57D8D702-4E9E-4283-B5EF-CAF450C9AF24}.Release|x86.Build.0 = Release|Any CPU
		{D590DADB-F14A-4CEA-9804-56E9DCAEABCC}.Debug|Any CPU.ActiveCfg = Debug|Any CPU
		{D590DADB-F14A-4CEA-9804-56E9DCAEABCC}.Debug|Any CPU.Build.0 = Debug|Any CPU
		{D590DADB-F14A-4CEA-9804-56E9DCAEABCC}.Debug|ARM.ActiveCfg = Debug|Any CPU
		{D590DADB-F14A-4CEA-9804-56E9DCAEABCC}.Debug|ARM.Build.0 = Debug|Any CPU
		{D590DADB-F14A-4CEA-9804-56E9DCAEABCC}.Debug|ARM64.ActiveCfg = Debug|Any CPU
		{D590DADB-F14A-4CEA-9804-56E9DCAEABCC}.Debug|ARM64.Build.0 = Debug|Any CPU
		{D590DADB-F14A-4CEA-9804-56E9DCAEABCC}.Debug|x64.ActiveCfg = Debug|Any CPU
		{D590DADB-F14A-4CEA-9804-56E9DCAEABCC}.Debug|x64.Build.0 = Debug|Any CPU
		{D590DADB-F14A-4CEA-9804-56E9DCAEABCC}.Debug|x86.ActiveCfg = Debug|Any CPU
		{D590DADB-F14A-4CEA-9804-56E9DCAEABCC}.Debug|x86.Build.0 = Debug|Any CPU
		{D590DADB-F14A-4CEA-9804-56E9DCAEABCC}.Release|Any CPU.ActiveCfg = Release|Any CPU
		{D590DADB-F14A-4CEA-9804-56E9DCAEABCC}.Release|Any CPU.Build.0 = Release|Any CPU
		{D590DADB-F14A-4CEA-9804-56E9DCAEABCC}.Release|ARM.ActiveCfg = Release|Any CPU
		{D590DADB-F14A-4CEA-9804-56E9DCAEABCC}.Release|ARM.Build.0 = Release|Any CPU
		{D590DADB-F14A-4CEA-9804-56E9DCAEABCC}.Release|ARM64.ActiveCfg = Release|Any CPU
		{D590DADB-F14A-4CEA-9804-56E9DCAEABCC}.Release|ARM64.Build.0 = Release|Any CPU
		{D590DADB-F14A-4CEA-9804-56E9DCAEABCC}.Release|x64.ActiveCfg = Release|Any CPU
		{D590DADB-F14A-4CEA-9804-56E9DCAEABCC}.Release|x64.Build.0 = Release|Any CPU
		{D590DADB-F14A-4CEA-9804-56E9DCAEABCC}.Release|x86.ActiveCfg = Release|Any CPU
		{D590DADB-F14A-4CEA-9804-56E9DCAEABCC}.Release|x86.Build.0 = Release|Any CPU
		{90F0D866-0F35-40B6-85AA-8044745AB163}.Debug|Any CPU.ActiveCfg = Debug|Any CPU
		{90F0D866-0F35-40B6-85AA-8044745AB163}.Debug|Any CPU.Build.0 = Debug|Any CPU
		{90F0D866-0F35-40B6-85AA-8044745AB163}.Debug|ARM.ActiveCfg = Debug|Any CPU
		{90F0D866-0F35-40B6-85AA-8044745AB163}.Debug|ARM.Build.0 = Debug|Any CPU
		{90F0D866-0F35-40B6-85AA-8044745AB163}.Debug|ARM64.ActiveCfg = Debug|Any CPU
		{90F0D866-0F35-40B6-85AA-8044745AB163}.Debug|ARM64.Build.0 = Debug|Any CPU
		{90F0D866-0F35-40B6-85AA-8044745AB163}.Debug|x64.ActiveCfg = Debug|Any CPU
		{90F0D866-0F35-40B6-85AA-8044745AB163}.Debug|x64.Build.0 = Debug|Any CPU
		{90F0D866-0F35-40B6-85AA-8044745AB163}.Debug|x86.ActiveCfg = Debug|Any CPU
		{90F0D866-0F35-40B6-85AA-8044745AB163}.Debug|x86.Build.0 = Debug|Any CPU
		{90F0D866-0F35-40B6-85AA-8044745AB163}.Release|Any CPU.ActiveCfg = Release|Any CPU
		{90F0D866-0F35-40B6-85AA-8044745AB163}.Release|Any CPU.Build.0 = Release|Any CPU
		{90F0D866-0F35-40B6-85AA-8044745AB163}.Release|ARM.ActiveCfg = Release|Any CPU
		{90F0D866-0F35-40B6-85AA-8044745AB163}.Release|ARM.Build.0 = Release|Any CPU
		{90F0D866-0F35-40B6-85AA-8044745AB163}.Release|ARM64.ActiveCfg = Release|Any CPU
		{90F0D866-0F35-40B6-85AA-8044745AB163}.Release|ARM64.Build.0 = Release|Any CPU
		{90F0D866-0F35-40B6-85AA-8044745AB163}.Release|x64.ActiveCfg = Release|Any CPU
		{90F0D866-0F35-40B6-85AA-8044745AB163}.Release|x64.Build.0 = Release|Any CPU
		{90F0D866-0F35-40B6-85AA-8044745AB163}.Release|x86.ActiveCfg = Release|Any CPU
		{90F0D866-0F35-40B6-85AA-8044745AB163}.Release|x86.Build.0 = Release|Any CPU
		{22C3378E-FECC-4D7E-B59D-B82F90777B03}.Debug|Any CPU.ActiveCfg = Debug|Any CPU
		{22C3378E-FECC-4D7E-B59D-B82F90777B03}.Debug|Any CPU.Build.0 = Debug|Any CPU
		{22C3378E-FECC-4D7E-B59D-B82F90777B03}.Debug|ARM.ActiveCfg = Debug|Any CPU
		{22C3378E-FECC-4D7E-B59D-B82F90777B03}.Debug|ARM.Build.0 = Debug|Any CPU
		{22C3378E-FECC-4D7E-B59D-B82F90777B03}.Debug|ARM64.ActiveCfg = Debug|Any CPU
		{22C3378E-FECC-4D7E-B59D-B82F90777B03}.Debug|ARM64.Build.0 = Debug|Any CPU
		{22C3378E-FECC-4D7E-B59D-B82F90777B03}.Debug|x64.ActiveCfg = Debug|Any CPU
		{22C3378E-FECC-4D7E-B59D-B82F90777B03}.Debug|x64.Build.0 = Debug|Any CPU
		{22C3378E-FECC-4D7E-B59D-B82F90777B03}.Debug|x86.ActiveCfg = Debug|Any CPU
		{22C3378E-FECC-4D7E-B59D-B82F90777B03}.Debug|x86.Build.0 = Debug|Any CPU
		{22C3378E-FECC-4D7E-B59D-B82F90777B03}.Release|Any CPU.ActiveCfg = Release|Any CPU
		{22C3378E-FECC-4D7E-B59D-B82F90777B03}.Release|Any CPU.Build.0 = Release|Any CPU
		{22C3378E-FECC-4D7E-B59D-B82F90777B03}.Release|ARM.ActiveCfg = Release|Any CPU
		{22C3378E-FECC-4D7E-B59D-B82F90777B03}.Release|ARM.Build.0 = Release|Any CPU
		{22C3378E-FECC-4D7E-B59D-B82F90777B03}.Release|ARM64.ActiveCfg = Release|Any CPU
		{22C3378E-FECC-4D7E-B59D-B82F90777B03}.Release|ARM64.Build.0 = Release|Any CPU
		{22C3378E-FECC-4D7E-B59D-B82F90777B03}.Release|x64.ActiveCfg = Release|Any CPU
		{22C3378E-FECC-4D7E-B59D-B82F90777B03}.Release|x64.Build.0 = Release|Any CPU
		{22C3378E-FECC-4D7E-B59D-B82F90777B03}.Release|x86.ActiveCfg = Release|Any CPU
		{22C3378E-FECC-4D7E-B59D-B82F90777B03}.Release|x86.Build.0 = Release|Any CPU
		{2268B39D-2BFD-483F-9C7B-7CF760827784}.Debug|Any CPU.ActiveCfg = Debug|Any CPU
		{2268B39D-2BFD-483F-9C7B-7CF760827784}.Debug|Any CPU.Build.0 = Debug|Any CPU
		{2268B39D-2BFD-483F-9C7B-7CF760827784}.Debug|Any CPU.Deploy.0 = Debug|Any CPU
		{2268B39D-2BFD-483F-9C7B-7CF760827784}.Debug|ARM.ActiveCfg = Debug|Any CPU
		{2268B39D-2BFD-483F-9C7B-7CF760827784}.Debug|ARM.Build.0 = Debug|Any CPU
		{2268B39D-2BFD-483F-9C7B-7CF760827784}.Debug|ARM.Deploy.0 = Debug|Any CPU
		{2268B39D-2BFD-483F-9C7B-7CF760827784}.Debug|ARM64.ActiveCfg = Debug|Any CPU
		{2268B39D-2BFD-483F-9C7B-7CF760827784}.Debug|ARM64.Build.0 = Debug|Any CPU
		{2268B39D-2BFD-483F-9C7B-7CF760827784}.Debug|ARM64.Deploy.0 = Debug|Any CPU
		{2268B39D-2BFD-483F-9C7B-7CF760827784}.Debug|x64.ActiveCfg = Debug|Any CPU
		{2268B39D-2BFD-483F-9C7B-7CF760827784}.Debug|x64.Build.0 = Debug|Any CPU
		{2268B39D-2BFD-483F-9C7B-7CF760827784}.Debug|x64.Deploy.0 = Debug|Any CPU
		{2268B39D-2BFD-483F-9C7B-7CF760827784}.Debug|x86.ActiveCfg = Debug|Any CPU
		{2268B39D-2BFD-483F-9C7B-7CF760827784}.Debug|x86.Build.0 = Debug|Any CPU
		{2268B39D-2BFD-483F-9C7B-7CF760827784}.Debug|x86.Deploy.0 = Debug|Any CPU
		{2268B39D-2BFD-483F-9C7B-7CF760827784}.Release|Any CPU.ActiveCfg = Release|Any CPU
		{2268B39D-2BFD-483F-9C7B-7CF760827784}.Release|Any CPU.Build.0 = Release|Any CPU
		{2268B39D-2BFD-483F-9C7B-7CF760827784}.Release|Any CPU.Deploy.0 = Release|Any CPU
		{2268B39D-2BFD-483F-9C7B-7CF760827784}.Release|ARM.ActiveCfg = Release|Any CPU
		{2268B39D-2BFD-483F-9C7B-7CF760827784}.Release|ARM.Build.0 = Release|Any CPU
		{2268B39D-2BFD-483F-9C7B-7CF760827784}.Release|ARM.Deploy.0 = Release|Any CPU
		{2268B39D-2BFD-483F-9C7B-7CF760827784}.Release|ARM64.ActiveCfg = Release|Any CPU
		{2268B39D-2BFD-483F-9C7B-7CF760827784}.Release|ARM64.Build.0 = Release|Any CPU
		{2268B39D-2BFD-483F-9C7B-7CF760827784}.Release|ARM64.Deploy.0 = Release|Any CPU
		{2268B39D-2BFD-483F-9C7B-7CF760827784}.Release|x64.ActiveCfg = Release|Any CPU
		{2268B39D-2BFD-483F-9C7B-7CF760827784}.Release|x64.Build.0 = Release|Any CPU
		{2268B39D-2BFD-483F-9C7B-7CF760827784}.Release|x64.Deploy.0 = Release|Any CPU
		{2268B39D-2BFD-483F-9C7B-7CF760827784}.Release|x86.ActiveCfg = Release|Any CPU
		{2268B39D-2BFD-483F-9C7B-7CF760827784}.Release|x86.Build.0 = Release|Any CPU
		{2268B39D-2BFD-483F-9C7B-7CF760827784}.Release|x86.Deploy.0 = Release|Any CPU
		{A609603E-1962-4D38-B3D1-D6C99DEB1C3F}.Debug|Any CPU.ActiveCfg = Debug|Any CPU
		{A609603E-1962-4D38-B3D1-D6C99DEB1C3F}.Debug|Any CPU.Build.0 = Debug|Any CPU
		{A609603E-1962-4D38-B3D1-D6C99DEB1C3F}.Debug|ARM.ActiveCfg = Debug|Any CPU
		{A609603E-1962-4D38-B3D1-D6C99DEB1C3F}.Debug|ARM.Build.0 = Debug|Any CPU
		{A609603E-1962-4D38-B3D1-D6C99DEB1C3F}.Debug|ARM64.ActiveCfg = Debug|Any CPU
		{A609603E-1962-4D38-B3D1-D6C99DEB1C3F}.Debug|ARM64.Build.0 = Debug|Any CPU
		{A609603E-1962-4D38-B3D1-D6C99DEB1C3F}.Debug|x64.ActiveCfg = Debug|Any CPU
		{A609603E-1962-4D38-B3D1-D6C99DEB1C3F}.Debug|x64.Build.0 = Debug|Any CPU
		{A609603E-1962-4D38-B3D1-D6C99DEB1C3F}.Debug|x86.ActiveCfg = Debug|Any CPU
		{A609603E-1962-4D38-B3D1-D6C99DEB1C3F}.Debug|x86.Build.0 = Debug|Any CPU
		{A609603E-1962-4D38-B3D1-D6C99DEB1C3F}.Release|Any CPU.ActiveCfg = Release|Any CPU
		{A609603E-1962-4D38-B3D1-D6C99DEB1C3F}.Release|Any CPU.Build.0 = Release|Any CPU
		{A609603E-1962-4D38-B3D1-D6C99DEB1C3F}.Release|ARM.ActiveCfg = Release|Any CPU
		{A609603E-1962-4D38-B3D1-D6C99DEB1C3F}.Release|ARM.Build.0 = Release|Any CPU
		{A609603E-1962-4D38-B3D1-D6C99DEB1C3F}.Release|ARM64.ActiveCfg = Release|Any CPU
		{A609603E-1962-4D38-B3D1-D6C99DEB1C3F}.Release|ARM64.Build.0 = Release|Any CPU
		{A609603E-1962-4D38-B3D1-D6C99DEB1C3F}.Release|x64.ActiveCfg = Release|Any CPU
		{A609603E-1962-4D38-B3D1-D6C99DEB1C3F}.Release|x64.Build.0 = Release|Any CPU
		{A609603E-1962-4D38-B3D1-D6C99DEB1C3F}.Release|x86.ActiveCfg = Release|Any CPU
		{A609603E-1962-4D38-B3D1-D6C99DEB1C3F}.Release|x86.Build.0 = Release|Any CPU
		{9C4A8B49-DAA2-479D-997A-5053ED3500B1}.Debug|Any CPU.ActiveCfg = Debug|Any CPU
		{9C4A8B49-DAA2-479D-997A-5053ED3500B1}.Debug|Any CPU.Build.0 = Debug|Any CPU
		{9C4A8B49-DAA2-479D-997A-5053ED3500B1}.Debug|ARM.ActiveCfg = Debug|Any CPU
		{9C4A8B49-DAA2-479D-997A-5053ED3500B1}.Debug|ARM.Build.0 = Debug|Any CPU
		{9C4A8B49-DAA2-479D-997A-5053ED3500B1}.Debug|ARM64.ActiveCfg = Debug|Any CPU
		{9C4A8B49-DAA2-479D-997A-5053ED3500B1}.Debug|ARM64.Build.0 = Debug|Any CPU
		{9C4A8B49-DAA2-479D-997A-5053ED3500B1}.Debug|x64.ActiveCfg = Debug|Any CPU
		{9C4A8B49-DAA2-479D-997A-5053ED3500B1}.Debug|x64.Build.0 = Debug|Any CPU
		{9C4A8B49-DAA2-479D-997A-5053ED3500B1}.Debug|x86.ActiveCfg = Debug|Any CPU
		{9C4A8B49-DAA2-479D-997A-5053ED3500B1}.Debug|x86.Build.0 = Debug|Any CPU
		{9C4A8B49-DAA2-479D-997A-5053ED3500B1}.Release|Any CPU.ActiveCfg = Release|Any CPU
		{9C4A8B49-DAA2-479D-997A-5053ED3500B1}.Release|Any CPU.Build.0 = Release|Any CPU
		{9C4A8B49-DAA2-479D-997A-5053ED3500B1}.Release|ARM.ActiveCfg = Release|Any CPU
		{9C4A8B49-DAA2-479D-997A-5053ED3500B1}.Release|ARM.Build.0 = Release|Any CPU
		{9C4A8B49-DAA2-479D-997A-5053ED3500B1}.Release|ARM64.ActiveCfg = Release|Any CPU
		{9C4A8B49-DAA2-479D-997A-5053ED3500B1}.Release|ARM64.Build.0 = Release|Any CPU
		{9C4A8B49-DAA2-479D-997A-5053ED3500B1}.Release|x64.ActiveCfg = Release|Any CPU
		{9C4A8B49-DAA2-479D-997A-5053ED3500B1}.Release|x64.Build.0 = Release|Any CPU
		{9C4A8B49-DAA2-479D-997A-5053ED3500B1}.Release|x86.ActiveCfg = Release|Any CPU
		{9C4A8B49-DAA2-479D-997A-5053ED3500B1}.Release|x86.Build.0 = Release|Any CPU
		{2638ECC8-BF35-4176-AC38-23713682173B}.Debug|Any CPU.ActiveCfg = Debug|Any CPU
		{2638ECC8-BF35-4176-AC38-23713682173B}.Debug|Any CPU.Build.0 = Debug|Any CPU
		{2638ECC8-BF35-4176-AC38-23713682173B}.Debug|ARM.ActiveCfg = Debug|Any CPU
		{2638ECC8-BF35-4176-AC38-23713682173B}.Debug|ARM.Build.0 = Debug|Any CPU
		{2638ECC8-BF35-4176-AC38-23713682173B}.Debug|ARM64.ActiveCfg = Debug|Any CPU
		{2638ECC8-BF35-4176-AC38-23713682173B}.Debug|ARM64.Build.0 = Debug|Any CPU
		{2638ECC8-BF35-4176-AC38-23713682173B}.Debug|x64.ActiveCfg = Debug|Any CPU
		{2638ECC8-BF35-4176-AC38-23713682173B}.Debug|x64.Build.0 = Debug|Any CPU
		{2638ECC8-BF35-4176-AC38-23713682173B}.Debug|x86.ActiveCfg = Debug|Any CPU
		{2638ECC8-BF35-4176-AC38-23713682173B}.Debug|x86.Build.0 = Debug|Any CPU
		{2638ECC8-BF35-4176-AC38-23713682173B}.Release|Any CPU.ActiveCfg = Release|Any CPU
		{2638ECC8-BF35-4176-AC38-23713682173B}.Release|Any CPU.Build.0 = Release|Any CPU
		{2638ECC8-BF35-4176-AC38-23713682173B}.Release|ARM.ActiveCfg = Release|Any CPU
		{2638ECC8-BF35-4176-AC38-23713682173B}.Release|ARM.Build.0 = Release|Any CPU
		{2638ECC8-BF35-4176-AC38-23713682173B}.Release|ARM64.ActiveCfg = Release|Any CPU
		{2638ECC8-BF35-4176-AC38-23713682173B}.Release|ARM64.Build.0 = Release|Any CPU
		{2638ECC8-BF35-4176-AC38-23713682173B}.Release|x64.ActiveCfg = Release|Any CPU
		{2638ECC8-BF35-4176-AC38-23713682173B}.Release|x64.Build.0 = Release|Any CPU
		{2638ECC8-BF35-4176-AC38-23713682173B}.Release|x86.ActiveCfg = Release|Any CPU
		{2638ECC8-BF35-4176-AC38-23713682173B}.Release|x86.Build.0 = Release|Any CPU
		{389BB1EC-27DA-45DE-A71F-59063AF46208}.Debug|Any CPU.ActiveCfg = Debug|Any CPU
		{389BB1EC-27DA-45DE-A71F-59063AF46208}.Debug|Any CPU.Build.0 = Debug|Any CPU
		{389BB1EC-27DA-45DE-A71F-59063AF46208}.Debug|ARM.ActiveCfg = Debug|Any CPU
		{389BB1EC-27DA-45DE-A71F-59063AF46208}.Debug|ARM.Build.0 = Debug|Any CPU
		{389BB1EC-27DA-45DE-A71F-59063AF46208}.Debug|ARM64.ActiveCfg = Debug|Any CPU
		{389BB1EC-27DA-45DE-A71F-59063AF46208}.Debug|ARM64.Build.0 = Debug|Any CPU
		{389BB1EC-27DA-45DE-A71F-59063AF46208}.Debug|x64.ActiveCfg = Debug|Any CPU
		{389BB1EC-27DA-45DE-A71F-59063AF46208}.Debug|x64.Build.0 = Debug|Any CPU
		{389BB1EC-27DA-45DE-A71F-59063AF46208}.Debug|x86.ActiveCfg = Debug|Any CPU
		{389BB1EC-27DA-45DE-A71F-59063AF46208}.Debug|x86.Build.0 = Debug|Any CPU
		{389BB1EC-27DA-45DE-A71F-59063AF46208}.Release|Any CPU.ActiveCfg = Release|Any CPU
		{389BB1EC-27DA-45DE-A71F-59063AF46208}.Release|Any CPU.Build.0 = Release|Any CPU
		{389BB1EC-27DA-45DE-A71F-59063AF46208}.Release|ARM.ActiveCfg = Release|Any CPU
		{389BB1EC-27DA-45DE-A71F-59063AF46208}.Release|ARM.Build.0 = Release|Any CPU
		{389BB1EC-27DA-45DE-A71F-59063AF46208}.Release|ARM64.ActiveCfg = Release|Any CPU
		{389BB1EC-27DA-45DE-A71F-59063AF46208}.Release|ARM64.Build.0 = Release|Any CPU
		{389BB1EC-27DA-45DE-A71F-59063AF46208}.Release|x64.ActiveCfg = Release|Any CPU
		{389BB1EC-27DA-45DE-A71F-59063AF46208}.Release|x64.Build.0 = Release|Any CPU
		{389BB1EC-27DA-45DE-A71F-59063AF46208}.Release|x86.ActiveCfg = Release|Any CPU
		{389BB1EC-27DA-45DE-A71F-59063AF46208}.Release|x86.Build.0 = Release|Any CPU
		{36A3358C-E045-45BD-A690-ACABB19F64A8}.Debug|Any CPU.ActiveCfg = Debug|Any CPU
		{36A3358C-E045-45BD-A690-ACABB19F64A8}.Debug|Any CPU.Build.0 = Debug|Any CPU
		{36A3358C-E045-45BD-A690-ACABB19F64A8}.Debug|ARM.ActiveCfg = Debug|Any CPU
		{36A3358C-E045-45BD-A690-ACABB19F64A8}.Debug|ARM.Build.0 = Debug|Any CPU
		{36A3358C-E045-45BD-A690-ACABB19F64A8}.Debug|ARM64.ActiveCfg = Debug|Any CPU
		{36A3358C-E045-45BD-A690-ACABB19F64A8}.Debug|ARM64.Build.0 = Debug|Any CPU
		{36A3358C-E045-45BD-A690-ACABB19F64A8}.Debug|x64.ActiveCfg = Debug|Any CPU
		{36A3358C-E045-45BD-A690-ACABB19F64A8}.Debug|x64.Build.0 = Debug|Any CPU
		{36A3358C-E045-45BD-A690-ACABB19F64A8}.Debug|x86.ActiveCfg = Debug|Any CPU
		{36A3358C-E045-45BD-A690-ACABB19F64A8}.Debug|x86.Build.0 = Debug|Any CPU
		{36A3358C-E045-45BD-A690-ACABB19F64A8}.Release|Any CPU.ActiveCfg = Release|Any CPU
		{36A3358C-E045-45BD-A690-ACABB19F64A8}.Release|Any CPU.Build.0 = Release|Any CPU
		{36A3358C-E045-45BD-A690-ACABB19F64A8}.Release|ARM.ActiveCfg = Release|Any CPU
		{36A3358C-E045-45BD-A690-ACABB19F64A8}.Release|ARM.Build.0 = Release|Any CPU
		{36A3358C-E045-45BD-A690-ACABB19F64A8}.Release|ARM64.ActiveCfg = Release|Any CPU
		{36A3358C-E045-45BD-A690-ACABB19F64A8}.Release|ARM64.Build.0 = Release|Any CPU
		{36A3358C-E045-45BD-A690-ACABB19F64A8}.Release|x64.ActiveCfg = Release|Any CPU
		{36A3358C-E045-45BD-A690-ACABB19F64A8}.Release|x64.Build.0 = Release|Any CPU
		{36A3358C-E045-45BD-A690-ACABB19F64A8}.Release|x86.ActiveCfg = Release|Any CPU
		{36A3358C-E045-45BD-A690-ACABB19F64A8}.Release|x86.Build.0 = Release|Any CPU
		{2ADA1175-E9D9-4A62-8FC0-3E5D6B3EF0C7}.Debug|Any CPU.ActiveCfg = Debug|Any CPU
		{2ADA1175-E9D9-4A62-8FC0-3E5D6B3EF0C7}.Debug|Any CPU.Build.0 = Debug|Any CPU
		{2ADA1175-E9D9-4A62-8FC0-3E5D6B3EF0C7}.Debug|ARM.ActiveCfg = Debug|Any CPU
		{2ADA1175-E9D9-4A62-8FC0-3E5D6B3EF0C7}.Debug|ARM.Build.0 = Debug|Any CPU
		{2ADA1175-E9D9-4A62-8FC0-3E5D6B3EF0C7}.Debug|ARM64.ActiveCfg = Debug|Any CPU
		{2ADA1175-E9D9-4A62-8FC0-3E5D6B3EF0C7}.Debug|ARM64.Build.0 = Debug|Any CPU
		{2ADA1175-E9D9-4A62-8FC0-3E5D6B3EF0C7}.Debug|x64.ActiveCfg = Debug|Any CPU
		{2ADA1175-E9D9-4A62-8FC0-3E5D6B3EF0C7}.Debug|x64.Build.0 = Debug|Any CPU
		{2ADA1175-E9D9-4A62-8FC0-3E5D6B3EF0C7}.Debug|x86.ActiveCfg = Debug|Any CPU
		{2ADA1175-E9D9-4A62-8FC0-3E5D6B3EF0C7}.Debug|x86.Build.0 = Debug|Any CPU
		{2ADA1175-E9D9-4A62-8FC0-3E5D6B3EF0C7}.Release|Any CPU.ActiveCfg = Release|Any CPU
		{2ADA1175-E9D9-4A62-8FC0-3E5D6B3EF0C7}.Release|Any CPU.Build.0 = Release|Any CPU
		{2ADA1175-E9D9-4A62-8FC0-3E5D6B3EF0C7}.Release|ARM.ActiveCfg = Release|Any CPU
		{2ADA1175-E9D9-4A62-8FC0-3E5D6B3EF0C7}.Release|ARM.Build.0 = Release|Any CPU
		{2ADA1175-E9D9-4A62-8FC0-3E5D6B3EF0C7}.Release|ARM64.ActiveCfg = Release|Any CPU
		{2ADA1175-E9D9-4A62-8FC0-3E5D6B3EF0C7}.Release|ARM64.Build.0 = Release|Any CPU
		{2ADA1175-E9D9-4A62-8FC0-3E5D6B3EF0C7}.Release|x64.ActiveCfg = Release|Any CPU
		{2ADA1175-E9D9-4A62-8FC0-3E5D6B3EF0C7}.Release|x64.Build.0 = Release|Any CPU
		{2ADA1175-E9D9-4A62-8FC0-3E5D6B3EF0C7}.Release|x86.ActiveCfg = Release|Any CPU
		{2ADA1175-E9D9-4A62-8FC0-3E5D6B3EF0C7}.Release|x86.Build.0 = Release|Any CPU
		{7C6A674E-E8BD-4FDE-A021-10D883AA2EF7}.Debug|Any CPU.ActiveCfg = Debug|Any CPU
		{7C6A674E-E8BD-4FDE-A021-10D883AA2EF7}.Debug|Any CPU.Build.0 = Debug|Any CPU
		{7C6A674E-E8BD-4FDE-A021-10D883AA2EF7}.Debug|ARM.ActiveCfg = Debug|Any CPU
		{7C6A674E-E8BD-4FDE-A021-10D883AA2EF7}.Debug|ARM.Build.0 = Debug|Any CPU
		{7C6A674E-E8BD-4FDE-A021-10D883AA2EF7}.Debug|ARM64.ActiveCfg = Debug|Any CPU
		{7C6A674E-E8BD-4FDE-A021-10D883AA2EF7}.Debug|ARM64.Build.0 = Debug|Any CPU
		{7C6A674E-E8BD-4FDE-A021-10D883AA2EF7}.Debug|x64.ActiveCfg = Debug|Any CPU
		{7C6A674E-E8BD-4FDE-A021-10D883AA2EF7}.Debug|x64.Build.0 = Debug|Any CPU
		{7C6A674E-E8BD-4FDE-A021-10D883AA2EF7}.Debug|x86.ActiveCfg = Debug|Any CPU
		{7C6A674E-E8BD-4FDE-A021-10D883AA2EF7}.Debug|x86.Build.0 = Debug|Any CPU
		{7C6A674E-E8BD-4FDE-A021-10D883AA2EF7}.Release|Any CPU.ActiveCfg = Release|Any CPU
		{7C6A674E-E8BD-4FDE-A021-10D883AA2EF7}.Release|Any CPU.Build.0 = Release|Any CPU
		{7C6A674E-E8BD-4FDE-A021-10D883AA2EF7}.Release|ARM.ActiveCfg = Release|Any CPU
		{7C6A674E-E8BD-4FDE-A021-10D883AA2EF7}.Release|ARM.Build.0 = Release|Any CPU
		{7C6A674E-E8BD-4FDE-A021-10D883AA2EF7}.Release|ARM64.ActiveCfg = Release|Any CPU
		{7C6A674E-E8BD-4FDE-A021-10D883AA2EF7}.Release|ARM64.Build.0 = Release|Any CPU
		{7C6A674E-E8BD-4FDE-A021-10D883AA2EF7}.Release|x64.ActiveCfg = Release|Any CPU
		{7C6A674E-E8BD-4FDE-A021-10D883AA2EF7}.Release|x64.Build.0 = Release|Any CPU
		{7C6A674E-E8BD-4FDE-A021-10D883AA2EF7}.Release|x86.ActiveCfg = Release|Any CPU
		{7C6A674E-E8BD-4FDE-A021-10D883AA2EF7}.Release|x86.Build.0 = Release|Any CPU
		{A477F570-7470-4AA6-8898-6A554585E729}.Debug|Any CPU.ActiveCfg = Debug|Any CPU
		{A477F570-7470-4AA6-8898-6A554585E729}.Debug|Any CPU.Build.0 = Debug|Any CPU
		{A477F570-7470-4AA6-8898-6A554585E729}.Debug|ARM.ActiveCfg = Debug|Any CPU
		{A477F570-7470-4AA6-8898-6A554585E729}.Debug|ARM.Build.0 = Debug|Any CPU
		{A477F570-7470-4AA6-8898-6A554585E729}.Debug|ARM64.ActiveCfg = Debug|Any CPU
		{A477F570-7470-4AA6-8898-6A554585E729}.Debug|ARM64.Build.0 = Debug|Any CPU
		{A477F570-7470-4AA6-8898-6A554585E729}.Debug|x64.ActiveCfg = Debug|Any CPU
		{A477F570-7470-4AA6-8898-6A554585E729}.Debug|x64.Build.0 = Debug|Any CPU
		{A477F570-7470-4AA6-8898-6A554585E729}.Debug|x86.ActiveCfg = Debug|Any CPU
		{A477F570-7470-4AA6-8898-6A554585E729}.Debug|x86.Build.0 = Debug|Any CPU
		{A477F570-7470-4AA6-8898-6A554585E729}.Release|Any CPU.ActiveCfg = Release|Any CPU
		{A477F570-7470-4AA6-8898-6A554585E729}.Release|Any CPU.Build.0 = Release|Any CPU
		{A477F570-7470-4AA6-8898-6A554585E729}.Release|ARM.ActiveCfg = Release|Any CPU
		{A477F570-7470-4AA6-8898-6A554585E729}.Release|ARM.Build.0 = Release|Any CPU
		{A477F570-7470-4AA6-8898-6A554585E729}.Release|ARM64.ActiveCfg = Release|Any CPU
		{A477F570-7470-4AA6-8898-6A554585E729}.Release|ARM64.Build.0 = Release|Any CPU
		{A477F570-7470-4AA6-8898-6A554585E729}.Release|x64.ActiveCfg = Release|Any CPU
		{A477F570-7470-4AA6-8898-6A554585E729}.Release|x64.Build.0 = Release|Any CPU
		{A477F570-7470-4AA6-8898-6A554585E729}.Release|x86.ActiveCfg = Release|Any CPU
		{A477F570-7470-4AA6-8898-6A554585E729}.Release|x86.Build.0 = Release|Any CPU
	EndGlobalSection
	GlobalSection(SolutionProperties) = preSolution
		HideSolutionNode = FALSE
	EndGlobalSection
	GlobalSection(NestedProjects) = preSolution
		{E7922478-A845-4EB2-AD66-1143B8AFE48F} = {5BF84A87-409D-4FDA-A4AF-3745F2D633A2}
		{E288CCB5-B3BF-4730-A1FB-FE20353F6263} = {A5562902-5725-47A9-B058-429D820A6B22}
		{57D8D702-4E9E-4283-B5EF-CAF450C9AF24} = {078D7A4C-C9DE-43DB-A7F8-8BA2E823E98B}
		{D590DADB-F14A-4CEA-9804-56E9DCAEABCC} = {D732B01D-B0FA-421A-A736-5D88F68CD532}
		{90F0D866-0F35-40B6-85AA-8044745AB163} = {0EBD3DBE-C0F0-4052-823F-25787AD69759}
		{22C3378E-FECC-4D7E-B59D-B82F90777B03} = {D7991E51-45B6-4DA9-B494-E955692B62A1}
		{2268B39D-2BFD-483F-9C7B-7CF760827784} = {D7991E51-45B6-4DA9-B494-E955692B62A1}
		{A609603E-1962-4D38-B3D1-D6C99DEB1C3F} = {D7991E51-45B6-4DA9-B494-E955692B62A1}
		{9C4A8B49-DAA2-479D-997A-5053ED3500B1} = {AE846291-C5F1-4C6D-B08A-A50C3D87B4AB}
		{2638ECC8-BF35-4176-AC38-23713682173B} = {957A03E9-D373-4314-ACC5-FA088FF31249}
		{389BB1EC-27DA-45DE-A71F-59063AF46208} = {EE18DA25-1803-448B-8F80-D9B1029AD5A8}
		{36A3358C-E045-45BD-A690-ACABB19F64A8} = {3A2D2A59-8EBF-4FDB-88C9-69A1BBF80A28}
		{2ADA1175-E9D9-4A62-8FC0-3E5D6B3EF0C7} = {15B8823C-C8F6-409F-8E6B-D63C39B87BBB}
		{7C6A674E-E8BD-4FDE-A021-10D883AA2EF7} = {D91A8148-576B-4305-8EC2-227F36020015}
		{A477F570-7470-4AA6-8898-6A554585E729} = {20E77760-82DC-4E4A-A7B8-9A03EA47120D}
	EndGlobalSection
	GlobalSection(ExtensibilityGlobals) = postSolution
		SolutionGuid = {1045574C-22C2-4EA7-93B9-02E75C7C4132}
	EndGlobalSection
EndGlobal
