
Microsoft Visual Studio Solution File, Format Version 12.00
# Visual Studio 15
VisualStudioVersion = 15.0.28307.705
MinimumVisualStudioVersion = 10.0.40219.1
Project("{2150E333-8FDC-42A3-9474-1A3956D46DE8}") = "Physics", "Physics", "{D732B01D-B0FA-421A-A736-5D88F68CD532}"
EndProject
Project("{2150E333-8FDC-42A3-9474-1A3956D46DE8}") = "Input", "Input", "{A5562902-5725-47A9-B058-429D820A6B22}"
EndProject
Project("{2150E333-8FDC-42A3-9474-1A3956D46DE8}") = "UI", "UI", "{0EBD3DBE-C0F0-4052-823F-25787AD69759}"
EndProject
Project("{2150E333-8FDC-42A3-9474-1A3956D46DE8}") = "Core", "Core", "{5BF84A87-409D-4FDA-A4AF-3745F2D633A2}"
EndProject
Project("{2150E333-8FDC-42A3-9474-1A3956D46DE8}") = "Interfaces", "Interfaces", "{078D7A4C-C9DE-43DB-A7F8-8BA2E823E98B}"
EndProject
Project("{FAE04EC0-301F-11D3-BF4B-00C04F79EFBC}") = "Pong.Core", "Pong.Core\Pong.Core.csproj", "{E7922478-A845-4EB2-AD66-1143B8AFE48F}"
EndProject
Project("{FAE04EC0-301F-11D3-BF4B-00C04F79EFBC}") = "Pong.Input", "Pong.Input\Pong.Input.csproj", "{E288CCB5-B3BF-4730-A1FB-FE20353F6263}"
EndProject
Project("{FAE04EC0-301F-11D3-BF4B-00C04F79EFBC}") = "Pong.Interfaces", "Pong.Interfaces\Pong.Interfaces.csproj", "{57D8D702-4E9E-4283-B5EF-CAF450C9AF24}"
EndProject
Project("{FAE04EC0-301F-11D3-BF4B-00C04F79EFBC}") = "Pong.Physics", "Pong.Physics\Pong.Physics.csproj", "{D590DADB-F14A-4CEA-9804-56E9DCAEABCC}"
EndProject
Project("{FAE04EC0-301F-11D3-BF4B-00C04F79EFBC}") = "Pong.UI", "Pong.UI\Pong.UI.csproj", "{90F0D866-0F35-40B6-85AA-8044745AB163}"
EndProject
Project("{FAE04EC0-301F-11D3-BF4B-00C04F79EFBC}") = "Pong.Desktop", "Pong.Desktop\Pong.Desktop.csproj", "{22C3378E-FECC-4D7E-B59D-B82F90777B03}"
EndProject
Project("{FAE04EC0-301F-11D3-BF4B-00C04F79EFBC}") = "Pong.Android", "Pong.Android\Pong.Android.csproj", "{2268B39D-2BFD-483F-9C7B-7CF760827784}"
EndProject
Project("{2150E333-8FDC-42A3-9474-1A3956D46DE8}") = "Ball", "Ball", "{20E77760-82DC-4E4A-A7B8-9A03EA47120D}"
EndProject
Project("{2150E333-8FDC-42A3-9474-1A3956D46DE8}") = "Player", "Player", "{15B8823C-C8F6-409F-8E6B-D63C39B87BBB}"
EndProject
Project("{2150E333-8FDC-42A3-9474-1A3956D46DE8}") = "Enemy", "Enemy", "{3A2D2A59-8EBF-4FDB-88C9-69A1BBF80A28}"
EndProject
Project("{9A19103F-16F7-4668-BE54-9A1E7A4F7556}") = "Pong.Enemy", "Pong.Enemy\Pong.Enemy.csproj", "{B1E0FD66-F15C-4C5D-9232-7FCF58C8D5BD}"
EndProject
Project("{9A19103F-16F7-4668-BE54-9A1E7A4F7556}") = "Pong.Player", "Pong.Player\Pong.Player.csproj", "{B284D64F-D945-47AA-98B0-AE060ECE8BC1}"
EndProject
Project("{2150E333-8FDC-42A3-9474-1A3956D46DE8}") = "Mediator", "Mediator", "{D91A8148-576B-4305-8EC2-227F36020015}"
EndProject
Project("{9A19103F-16F7-4668-BE54-9A1E7A4F7556}") = "Pong.Mediation", "Pong.Mediator\Pong.Mediation.csproj", "{E7F60A6F-D29E-4469-8D1A-A0FB9F5588EB}"
EndProject
Project("{2150E333-8FDC-42A3-9474-1A3956D46DE8}") = "Deploy", "Deploy", "{D7991E51-45B6-4DA9-B494-E955692B62A1}"
EndProject
Project("{9A19103F-16F7-4668-BE54-9A1E7A4F7556}") = "Pong.Ball", "Pong.Ball\Pong.Ball.csproj", "{23A2D650-EBE4-4B03-8B08-F5A9A728965F}"
EndProject
Project("{FAE04EC0-301F-11D3-BF4B-00C04F79EFBC}") = "Pong.Deploy", "Pong.Deploy\Pong.Deploy.csproj", "{7AF62F74-544C-452C-A897-F5B9869B00BF}"
EndProject
Global
	GlobalSection(SolutionConfigurationPlatforms) = preSolution
		Debug|Any CPU = Debug|Any CPU
		Debug|ARM = Debug|ARM
		Debug|ARM64 = Debug|ARM64
		Debug|x64 = Debug|x64
		Debug|x86 = Debug|x86
		Release|Any CPU = Release|Any CPU
		Release|ARM = Release|ARM
		Release|ARM64 = Release|ARM64
		Release|x64 = Release|x64
		Release|x86 = Release|x86
	EndGlobalSection
	GlobalSection(ProjectConfigurationPlatforms) = postSolution
		{E7922478-A845-4EB2-AD66-1143B8AFE48F}.Debug|Any CPU.ActiveCfg = Debug|Any CPU
		{E7922478-A845-4EB2-AD66-1143B8AFE48F}.Debug|Any CPU.Build.0 = Debug|Any CPU
		{E7922478-A845-4EB2-AD66-1143B8AFE48F}.Debug|ARM.ActiveCfg = Debug|Any CPU
		{E7922478-A845-4EB2-AD66-1143B8AFE48F}.Debug|ARM.Build.0 = Debug|Any CPU
		{E7922478-A845-4EB2-AD66-1143B8AFE48F}.Debug|ARM64.ActiveCfg = Debug|Any CPU
		{E7922478-A845-4EB2-AD66-1143B8AFE48F}.Debug|ARM64.Build.0 = Debug|Any CPU
		{E7922478-A845-4EB2-AD66-1143B8AFE48F}.Debug|x64.ActiveCfg = Debug|Any CPU
		{E7922478-A845-4EB2-AD66-1143B8AFE48F}.Debug|x64.Build.0 = Debug|Any CPU
		{E7922478-A845-4EB2-AD66-1143B8AFE48F}.Debug|x86.ActiveCfg = Debug|Any CPU
		{E7922478-A845-4EB2-AD66-1143B8AFE48F}.Debug|x86.Build.0 = Debug|Any CPU
		{E7922478-A845-4EB2-AD66-1143B8AFE48F}.Release|Any CPU.ActiveCfg = Release|Any CPU
		{E7922478-A845-4EB2-AD66-1143B8AFE48F}.Release|Any CPU.Build.0 = Release|Any CPU
		{E7922478-A845-4EB2-AD66-1143B8AFE48F}.Release|ARM.ActiveCfg = Release|Any CPU
		{E7922478-A845-4EB2-AD66-1143B8AFE48F}.Release|ARM.Build.0 = Release|Any CPU
		{E7922478-A845-4EB2-AD66-1143B8AFE48F}.Release|ARM64.ActiveCfg = Release|Any CPU
		{E7922478-A845-4EB2-AD66-1143B8AFE48F}.Release|ARM64.Build.0 = Release|Any CPU
		{E7922478-A845-4EB2-AD66-1143B8AFE48F}.Release|x64.ActiveCfg = Release|Any CPU
		{E7922478-A845-4EB2-AD66-1143B8AFE48F}.Release|x64.Build.0 = Release|Any CPU
		{E7922478-A845-4EB2-AD66-1143B8AFE48F}.Release|x86.ActiveCfg = Release|Any CPU
		{E7922478-A845-4EB2-AD66-1143B8AFE48F}.Release|x86.Build.0 = Release|Any CPU
		{E288CCB5-B3BF-4730-A1FB-FE20353F6263}.Debug|Any CPU.ActiveCfg = Debug|Any CPU
		{E288CCB5-B3BF-4730-A1FB-FE20353F6263}.Debug|Any CPU.Build.0 = Debug|Any CPU
		{E288CCB5-B3BF-4730-A1FB-FE20353F6263}.Debug|ARM.ActiveCfg = Debug|Any CPU
		{E288CCB5-B3BF-4730-A1FB-FE20353F6263}.Debug|ARM.Build.0 = Debug|Any CPU
		{E288CCB5-B3BF-4730-A1FB-FE20353F6263}.Debug|ARM64.ActiveCfg = Debug|Any CPU
		{E288CCB5-B3BF-4730-A1FB-FE20353F6263}.Debug|ARM64.Build.0 = Debug|Any CPU
		{E288CCB5-B3BF-4730-A1FB-FE20353F6263}.Debug|x64.ActiveCfg = Debug|Any CPU
		{E288CCB5-B3BF-4730-A1FB-FE20353F6263}.Debug|x64.Build.0 = Debug|Any CPU
		{E288CCB5-B3BF-4730-A1FB-FE20353F6263}.Debug|x86.ActiveCfg = Debug|Any CPU
		{E288CCB5-B3BF-4730-A1FB-FE20353F6263}.Debug|x86.Build.0 = Debug|Any CPU
		{E288CCB5-B3BF-4730-A1FB-FE20353F6263}.Release|Any CPU.ActiveCfg = Release|Any CPU
		{E288CCB5-B3BF-4730-A1FB-FE20353F6263}.Release|Any CPU.Build.0 = Release|Any CPU
		{E288CCB5-B3BF-4730-A1FB-FE20353F6263}.Release|ARM.ActiveCfg = Release|Any CPU
		{E288CCB5-B3BF-4730-A1FB-FE20353F6263}.Release|ARM.Build.0 = Release|Any CPU
		{E288CCB5-B3BF-4730-A1FB-FE20353F6263}.Release|ARM64.ActiveCfg = Release|Any CPU
		{E288CCB5-B3BF-4730-A1FB-FE20353F6263}.Release|ARM64.Build.0 = Release|Any CPU
		{E288CCB5-B3BF-4730-A1FB-FE20353F6263}.Release|x64.ActiveCfg = Release|Any CPU
		{E288CCB5-B3BF-4730-A1FB-FE20353F6263}.Release|x64.Build.0 = Release|Any CPU
		{E288CCB5-B3BF-4730-A1FB-FE20353F6263}.Release|x86.ActiveCfg = Release|Any CPU
		{E288CCB5-B3BF-4730-A1FB-FE20353F6263}.Release|x86.Build.0 = Release|Any CPU
		{57D8D702-4E9E-4283-B5EF-CAF450C9AF24}.Debug|Any CPU.ActiveCfg = Debug|Any CPU
		{57D8D702-4E9E-4283-B5EF-CAF450C9AF24}.Debug|Any CPU.Build.0 = Debug|Any CPU
		{57D8D702-4E9E-4283-B5EF-CAF450C9AF24}.Debug|ARM.ActiveCfg = Debug|Any CPU
		{57D8D702-4E9E-4283-B5EF-CAF450C9AF24}.Debug|ARM.Build.0 = Debug|Any CPU
		{57D8D702-4E9E-4283-B5EF-CAF450C9AF24}.Debug|ARM64.ActiveCfg = Debug|Any CPU
		{57D8D702-4E9E-4283-B5EF-CAF450C9AF24}.Debug|ARM64.Build.0 = Debug|Any CPU
		{57D8D702-4E9E-4283-B5EF-CAF450C9AF24}.Debug|x64.ActiveCfg = Debug|Any CPU
		{57D8D702-4E9E-4283-B5EF-CAF450C9AF24}.Debug|x64.Build.0 = Debug|Any CPU
		{57D8D702-4E9E-4283-B5EF-CAF450C9AF24}.Debug|x86.ActiveCfg = Debug|Any CPU
		{57D8D702-4E9E-4283-B5EF-CAF450C9AF24}.Debug|x86.Build.0 = Debug|Any CPU
		{57D8D702-4E9E-4283-B5EF-CAF450C9AF24}.Release|Any CPU.ActiveCfg = Release|Any CPU
		{57D8D702-4E9E-4283-B5EF-CAF450C9AF24}.Release|Any CPU.Build.0 = Release|Any CPU
		{57D8D702-4E9E-4283-B5EF-CAF450C9AF24}.Release|ARM.ActiveCfg = Release|Any CPU
		{57D8D702-4E9E-4283-B5EF-CAF450C9AF24}.Release|ARM.Build.0 = Release|Any CPU
		{57D8D702-4E9E-4283-B5EF-CAF450C9AF24}.Release|ARM64.ActiveCfg = Release|Any CPU
		{57D8D702-4E9E-4283-B5EF-CAF450C9AF24}.Release|ARM64.Build.0 = Release|Any CPU
		{57D8D702-4E9E-4283-B5EF-CAF450C9AF24}.Release|x64.ActiveCfg = Release|Any CPU
		{57D8D702-4E9E-4283-B5EF-CAF450C9AF24}.Release|x64.Build.0 = Release|Any CPU
		{57D8D702-4E9E-4283-B5EF-CAF450C9AF24}.Release|x86.ActiveCfg = Release|Any CPU
		{57D8D702-4E9E-4283-B5EF-CAF450C9AF24}.Release|x86.Build.0 = Release|Any CPU
		{D590DADB-F14A-4CEA-9804-56E9DCAEABCC}.Debug|Any CPU.ActiveCfg = Debug|Any CPU
		{D590DADB-F14A-4CEA-9804-56E9DCAEABCC}.Debug|Any CPU.Build.0 = Debug|Any CPU
		{D590DADB-F14A-4CEA-9804-56E9DCAEABCC}.Debug|ARM.ActiveCfg = Debug|Any CPU
		{D590DADB-F14A-4CEA-9804-56E9DCAEABCC}.Debug|ARM.Build.0 = Debug|Any CPU
		{D590DADB-F14A-4CEA-9804-56E9DCAEABCC}.Debug|ARM64.ActiveCfg = Debug|Any CPU
		{D590DADB-F14A-4CEA-9804-56E9DCAEABCC}.Debug|ARM64.Build.0 = Debug|Any CPU
		{D590DADB-F14A-4CEA-9804-56E9DCAEABCC}.Debug|x64.ActiveCfg = Debug|Any CPU
		{D590DADB-F14A-4CEA-9804-56E9DCAEABCC}.Debug|x64.Build.0 = Debug|Any CPU
		{D590DADB-F14A-4CEA-9804-56E9DCAEABCC}.Debug|x86.ActiveCfg = Debug|Any CPU
		{D590DADB-F14A-4CEA-9804-56E9DCAEABCC}.Debug|x86.Build.0 = Debug|Any CPU
		{D590DADB-F14A-4CEA-9804-56E9DCAEABCC}.Release|Any CPU.ActiveCfg = Release|Any CPU
		{D590DADB-F14A-4CEA-9804-56E9DCAEABCC}.Release|Any CPU.Build.0 = Release|Any CPU
		{D590DADB-F14A-4CEA-9804-56E9DCAEABCC}.Release|ARM.ActiveCfg = Release|Any CPU
		{D590DADB-F14A-4CEA-9804-56E9DCAEABCC}.Release|ARM.Build.0 = Release|Any CPU
		{D590DADB-F14A-4CEA-9804-56E9DCAEABCC}.Release|ARM64.ActiveCfg = Release|Any CPU
		{D590DADB-F14A-4CEA-9804-56E9DCAEABCC}.Release|ARM64.Build.0 = Release|Any CPU
		{D590DADB-F14A-4CEA-9804-56E9DCAEABCC}.Release|x64.ActiveCfg = Release|Any CPU
		{D590DADB-F14A-4CEA-9804-56E9DCAEABCC}.Release|x64.Build.0 = Release|Any CPU
		{D590DADB-F14A-4CEA-9804-56E9DCAEABCC}.Release|x86.ActiveCfg = Release|Any CPU
		{D590DADB-F14A-4CEA-9804-56E9DCAEABCC}.Release|x86.Build.0 = Release|Any CPU
		{90F0D866-0F35-40B6-85AA-8044745AB163}.Debug|Any CPU.ActiveCfg = Debug|Any CPU
		{90F0D866-0F35-40B6-85AA-8044745AB163}.Debug|Any CPU.Build.0 = Debug|Any CPU
		{90F0D866-0F35-40B6-85AA-8044745AB163}.Debug|ARM.ActiveCfg = Debug|Any CPU
		{90F0D866-0F35-40B6-85AA-8044745AB163}.Debug|ARM.Build.0 = Debug|Any CPU
		{90F0D866-0F35-40B6-85AA-8044745AB163}.Debug|ARM64.ActiveCfg = Debug|Any CPU
		{90F0D866-0F35-40B6-85AA-8044745AB163}.Debug|ARM64.Build.0 = Debug|Any CPU
		{90F0D866-0F35-40B6-85AA-8044745AB163}.Debug|x64.ActiveCfg = Debug|Any CPU
		{90F0D866-0F35-40B6-85AA-8044745AB163}.Debug|x64.Build.0 = Debug|Any CPU
		{90F0D866-0F35-40B6-85AA-8044745AB163}.Debug|x86.ActiveCfg = Debug|Any CPU
		{90F0D866-0F35-40B6-85AA-8044745AB163}.Debug|x86.Build.0 = Debug|Any CPU
		{90F0D866-0F35-40B6-85AA-8044745AB163}.Release|Any CPU.ActiveCfg = Release|Any CPU
		{90F0D866-0F35-40B6-85AA-8044745AB163}.Release|Any CPU.Build.0 = Release|Any CPU
		{90F0D866-0F35-40B6-85AA-8044745AB163}.Release|ARM.ActiveCfg = Release|Any CPU
		{90F0D866-0F35-40B6-85AA-8044745AB163}.Release|ARM.Build.0 = Release|Any CPU
		{90F0D866-0F35-40B6-85AA-8044745AB163}.Release|ARM64.ActiveCfg = Release|Any CPU
		{90F0D866-0F35-40B6-85AA-8044745AB163}.Release|ARM64.Build.0 = Release|Any CPU
		{90F0D866-0F35-40B6-85AA-8044745AB163}.Release|x64.ActiveCfg = Release|Any CPU
		{90F0D866-0F35-40B6-85AA-8044745AB163}.Release|x64.Build.0 = Release|Any CPU
		{90F0D866-0F35-40B6-85AA-8044745AB163}.Release|x86.ActiveCfg = Release|Any CPU
		{90F0D866-0F35-40B6-85AA-8044745AB163}.Release|x86.Build.0 = Release|Any CPU
		{22C3378E-FECC-4D7E-B59D-B82F90777B03}.Debug|Any CPU.ActiveCfg = Debug|Any CPU
		{22C3378E-FECC-4D7E-B59D-B82F90777B03}.Debug|Any CPU.Build.0 = Debug|Any CPU
		{22C3378E-FECC-4D7E-B59D-B82F90777B03}.Debug|ARM.ActiveCfg = Debug|Any CPU
		{22C3378E-FECC-4D7E-B59D-B82F90777B03}.Debug|ARM.Build.0 = Debug|Any CPU
		{22C3378E-FECC-4D7E-B59D-B82F90777B03}.Debug|ARM64.ActiveCfg = Debug|Any CPU
		{22C3378E-FECC-4D7E-B59D-B82F90777B03}.Debug|ARM64.Build.0 = Debug|Any CPU
		{22C3378E-FECC-4D7E-B59D-B82F90777B03}.Debug|x64.ActiveCfg = Debug|Any CPU
		{22C3378E-FECC-4D7E-B59D-B82F90777B03}.Debug|x64.Build.0 = Debug|Any CPU
		{22C3378E-FECC-4D7E-B59D-B82F90777B03}.Debug|x86.ActiveCfg = Debug|Any CPU
		{22C3378E-FECC-4D7E-B59D-B82F90777B03}.Debug|x86.Build.0 = Debug|Any CPU
		{22C3378E-FECC-4D7E-B59D-B82F90777B03}.Release|Any CPU.ActiveCfg = Release|Any CPU
		{22C3378E-FECC-4D7E-B59D-B82F90777B03}.Release|Any CPU.Build.0 = Release|Any CPU
		{22C3378E-FECC-4D7E-B59D-B82F90777B03}.Release|ARM.ActiveCfg = Release|Any CPU
		{22C3378E-FECC-4D7E-B59D-B82F90777B03}.Release|ARM.Build.0 = Release|Any CPU
		{22C3378E-FECC-4D7E-B59D-B82F90777B03}.Release|ARM64.ActiveCfg = Release|Any CPU
		{22C3378E-FECC-4D7E-B59D-B82F90777B03}.Release|ARM64.Build.0 = Release|Any CPU
		{22C3378E-FECC-4D7E-B59D-B82F90777B03}.Release|x64.ActiveCfg = Release|Any CPU
		{22C3378E-FECC-4D7E-B59D-B82F90777B03}.Release|x64.Build.0 = Release|Any CPU
		{22C3378E-FECC-4D7E-B59D-B82F90777B03}.Release|x86.ActiveCfg = Release|Any CPU
		{22C3378E-FECC-4D7E-B59D-B82F90777B03}.Release|x86.Build.0 = Release|Any CPU
		{2268B39D-2BFD-483F-9C7B-7CF760827784}.Debug|Any CPU.ActiveCfg = Debug|Any CPU
		{2268B39D-2BFD-483F-9C7B-7CF760827784}.Debug|Any CPU.Build.0 = Debug|Any CPU
		{2268B39D-2BFD-483F-9C7B-7CF760827784}.Debug|Any CPU.Deploy.0 = Debug|Any CPU
		{2268B39D-2BFD-483F-9C7B-7CF760827784}.Debug|ARM.ActiveCfg = Debug|Any CPU
		{2268B39D-2BFD-483F-9C7B-7CF760827784}.Debug|ARM.Build.0 = Debug|Any CPU
		{2268B39D-2BFD-483F-9C7B-7CF760827784}.Debug|ARM.Deploy.0 = Debug|Any CPU
		{2268B39D-2BFD-483F-9C7B-7CF760827784}.Debug|ARM64.ActiveCfg = Debug|Any CPU
		{2268B39D-2BFD-483F-9C7B-7CF760827784}.Debug|ARM64.Build.0 = Debug|Any CPU
		{2268B39D-2BFD-483F-9C7B-7CF760827784}.Debug|ARM64.Deploy.0 = Debug|Any CPU
		{2268B39D-2BFD-483F-9C7B-7CF760827784}.Debug|x64.ActiveCfg = Debug|Any CPU
		{2268B39D-2BFD-483F-9C7B-7CF760827784}.Debug|x64.Build.0 = Debug|Any CPU
		{2268B39D-2BFD-483F-9C7B-7CF760827784}.Debug|x64.Deploy.0 = Debug|Any CPU
		{2268B39D-2BFD-483F-9C7B-7CF760827784}.Debug|x86.ActiveCfg = Debug|Any CPU
		{2268B39D-2BFD-483F-9C7B-7CF760827784}.Debug|x86.Build.0 = Debug|Any CPU
		{2268B39D-2BFD-483F-9C7B-7CF760827784}.Debug|x86.Deploy.0 = Debug|Any CPU
		{2268B39D-2BFD-483F-9C7B-7CF760827784}.Release|Any CPU.ActiveCfg = Release|Any CPU
		{2268B39D-2BFD-483F-9C7B-7CF760827784}.Release|Any CPU.Build.0 = Release|Any CPU
		{2268B39D-2BFD-483F-9C7B-7CF760827784}.Release|Any CPU.Deploy.0 = Release|Any CPU
		{2268B39D-2BFD-483F-9C7B-7CF760827784}.Release|ARM.ActiveCfg = Release|Any CPU
		{2268B39D-2BFD-483F-9C7B-7CF760827784}.Release|ARM.Build.0 = Release|Any CPU
		{2268B39D-2BFD-483F-9C7B-7CF760827784}.Release|ARM.Deploy.0 = Release|Any CPU
		{2268B39D-2BFD-483F-9C7B-7CF760827784}.Release|ARM64.ActiveCfg = Release|Any CPU
		{2268B39D-2BFD-483F-9C7B-7CF760827784}.Release|ARM64.Build.0 = Release|Any CPU
		{2268B39D-2BFD-483F-9C7B-7CF760827784}.Release|ARM64.Deploy.0 = Release|Any CPU
		{2268B39D-2BFD-483F-9C7B-7CF760827784}.Release|x64.ActiveCfg = Release|Any CPU
		{2268B39D-2BFD-483F-9C7B-7CF760827784}.Release|x64.Build.0 = Release|Any CPU
		{2268B39D-2BFD-483F-9C7B-7CF760827784}.Release|x64.Deploy.0 = Release|Any CPU
		{2268B39D-2BFD-483F-9C7B-7CF760827784}.Release|x86.ActiveCfg = Release|Any CPU
		{2268B39D-2BFD-483F-9C7B-7CF760827784}.Release|x86.Build.0 = Release|Any CPU
		{2268B39D-2BFD-483F-9C7B-7CF760827784}.Release|x86.Deploy.0 = Release|Any CPU
		{B1E0FD66-F15C-4C5D-9232-7FCF58C8D5BD}.Debug|Any CPU.ActiveCfg = Debug|Any CPU
		{B1E0FD66-F15C-4C5D-9232-7FCF58C8D5BD}.Debug|Any CPU.Build.0 = Debug|Any CPU
		{B1E0FD66-F15C-4C5D-9232-7FCF58C8D5BD}.Debug|ARM.ActiveCfg = Debug|Any CPU
		{B1E0FD66-F15C-4C5D-9232-7FCF58C8D5BD}.Debug|ARM.Build.0 = Debug|Any CPU
		{B1E0FD66-F15C-4C5D-9232-7FCF58C8D5BD}.Debug|ARM64.ActiveCfg = Debug|Any CPU
		{B1E0FD66-F15C-4C5D-9232-7FCF58C8D5BD}.Debug|ARM64.Build.0 = Debug|Any CPU
		{B1E0FD66-F15C-4C5D-9232-7FCF58C8D5BD}.Debug|x64.ActiveCfg = Debug|Any CPU
		{B1E0FD66-F15C-4C5D-9232-7FCF58C8D5BD}.Debug|x64.Build.0 = Debug|Any CPU
		{B1E0FD66-F15C-4C5D-9232-7FCF58C8D5BD}.Debug|x86.ActiveCfg = Debug|Any CPU
		{B1E0FD66-F15C-4C5D-9232-7FCF58C8D5BD}.Debug|x86.Build.0 = Debug|Any CPU
		{B1E0FD66-F15C-4C5D-9232-7FCF58C8D5BD}.Release|Any CPU.ActiveCfg = Release|Any CPU
		{B1E0FD66-F15C-4C5D-9232-7FCF58C8D5BD}.Release|Any CPU.Build.0 = Release|Any CPU
		{B1E0FD66-F15C-4C5D-9232-7FCF58C8D5BD}.Release|ARM.ActiveCfg = Release|Any CPU
		{B1E0FD66-F15C-4C5D-9232-7FCF58C8D5BD}.Release|ARM.Build.0 = Release|Any CPU
		{B1E0FD66-F15C-4C5D-9232-7FCF58C8D5BD}.Release|ARM64.ActiveCfg = Release|Any CPU
		{B1E0FD66-F15C-4C5D-9232-7FCF58C8D5BD}.Release|ARM64.Build.0 = Release|Any CPU
		{B1E0FD66-F15C-4C5D-9232-7FCF58C8D5BD}.Release|x64.ActiveCfg = Release|Any CPU
		{B1E0FD66-F15C-4C5D-9232-7FCF58C8D5BD}.Release|x64.Build.0 = Release|Any CPU
		{B1E0FD66-F15C-4C5D-9232-7FCF58C8D5BD}.Release|x86.ActiveCfg = Release|Any CPU
		{B1E0FD66-F15C-4C5D-9232-7FCF58C8D5BD}.Release|x86.Build.0 = Release|Any CPU
		{B284D64F-D945-47AA-98B0-AE060ECE8BC1}.Debug|Any CPU.ActiveCfg = Debug|Any CPU
		{B284D64F-D945-47AA-98B0-AE060ECE8BC1}.Debug|Any CPU.Build.0 = Debug|Any CPU
		{B284D64F-D945-47AA-98B0-AE060ECE8BC1}.Debug|ARM.ActiveCfg = Debug|Any CPU
		{B284D64F-D945-47AA-98B0-AE060ECE8BC1}.Debug|ARM.Build.0 = Debug|Any CPU
		{B284D64F-D945-47AA-98B0-AE060ECE8BC1}.Debug|ARM64.ActiveCfg = Debug|Any CPU
		{B284D64F-D945-47AA-98B0-AE060ECE8BC1}.Debug|ARM64.Build.0 = Debug|Any CPU
		{B284D64F-D945-47AA-98B0-AE060ECE8BC1}.Debug|x64.ActiveCfg = Debug|Any CPU
		{B284D64F-D945-47AA-98B0-AE060ECE8BC1}.Debug|x64.Build.0 = Debug|Any CPU
		{B284D64F-D945-47AA-98B0-AE060ECE8BC1}.Debug|x86.ActiveCfg = Debug|Any CPU
		{B284D64F-D945-47AA-98B0-AE060ECE8BC1}.Debug|x86.Build.0 = Debug|Any CPU
		{B284D64F-D945-47AA-98B0-AE060ECE8BC1}.Release|Any CPU.ActiveCfg = Release|Any CPU
		{B284D64F-D945-47AA-98B0-AE060ECE8BC1}.Release|Any CPU.Build.0 = Release|Any CPU
		{B284D64F-D945-47AA-98B0-AE060ECE8BC1}.Release|ARM.ActiveCfg = Release|Any CPU
		{B284D64F-D945-47AA-98B0-AE060ECE8BC1}.Release|ARM.Build.0 = Release|Any CPU
		{B284D64F-D945-47AA-98B0-AE060ECE8BC1}.Release|ARM64.ActiveCfg = Release|Any CPU
		{B284D64F-D945-47AA-98B0-AE060ECE8BC1}.Release|ARM64.Build.0 = Release|Any CPU
		{B284D64F-D945-47AA-98B0-AE060ECE8BC1}.Release|x64.ActiveCfg = Release|Any CPU
		{B284D64F-D945-47AA-98B0-AE060ECE8BC1}.Release|x64.Build.0 = Release|Any CPU
		{B284D64F-D945-47AA-98B0-AE060ECE8BC1}.Release|x86.ActiveCfg = Release|Any CPU
		{B284D64F-D945-47AA-98B0-AE060ECE8BC1}.Release|x86.Build.0 = Release|Any CPU
		{E7F60A6F-D29E-4469-8D1A-A0FB9F5588EB}.Debug|Any CPU.ActiveCfg = Debug|Any CPU
		{E7F60A6F-D29E-4469-8D1A-A0FB9F5588EB}.Debug|Any CPU.Build.0 = Debug|Any CPU
		{E7F60A6F-D29E-4469-8D1A-A0FB9F5588EB}.Debug|ARM.ActiveCfg = Debug|Any CPU
		{E7F60A6F-D29E-4469-8D1A-A0FB9F5588EB}.Debug|ARM.Build.0 = Debug|Any CPU
		{E7F60A6F-D29E-4469-8D1A-A0FB9F5588EB}.Debug|ARM64.ActiveCfg = Debug|Any CPU
		{E7F60A6F-D29E-4469-8D1A-A0FB9F5588EB}.Debug|ARM64.Build.0 = Debug|Any CPU
		{E7F60A6F-D29E-4469-8D1A-A0FB9F5588EB}.Debug|x64.ActiveCfg = Debug|Any CPU
		{E7F60A6F-D29E-4469-8D1A-A0FB9F5588EB}.Debug|x64.Build.0 = Debug|Any CPU
		{E7F60A6F-D29E-4469-8D1A-A0FB9F5588EB}.Debug|x86.ActiveCfg = Debug|Any CPU
		{E7F60A6F-D29E-4469-8D1A-A0FB9F5588EB}.Debug|x86.Build.0 = Debug|Any CPU
		{E7F60A6F-D29E-4469-8D1A-A0FB9F5588EB}.Release|Any CPU.ActiveCfg = Release|Any CPU
		{E7F60A6F-D29E-4469-8D1A-A0FB9F5588EB}.Release|Any CPU.Build.0 = Release|Any CPU
		{E7F60A6F-D29E-4469-8D1A-A0FB9F5588EB}.Release|ARM.ActiveCfg = Release|Any CPU
		{E7F60A6F-D29E-4469-8D1A-A0FB9F5588EB}.Release|ARM.Build.0 = Release|Any CPU
		{E7F60A6F-D29E-4469-8D1A-A0FB9F5588EB}.Release|ARM64.ActiveCfg = Release|Any CPU
		{E7F60A6F-D29E-4469-8D1A-A0FB9F5588EB}.Release|ARM64.Build.0 = Release|Any CPU
		{E7F60A6F-D29E-4469-8D1A-A0FB9F5588EB}.Release|x64.ActiveCfg = Release|Any CPU
		{E7F60A6F-D29E-4469-8D1A-A0FB9F5588EB}.Release|x64.Build.0 = Release|Any CPU
		{E7F60A6F-D29E-4469-8D1A-A0FB9F5588EB}.Release|x86.ActiveCfg = Release|Any CPU
		{E7F60A6F-D29E-4469-8D1A-A0FB9F5588EB}.Release|x86.Build.0 = Release|Any CPU
		{23A2D650-EBE4-4B03-8B08-F5A9A728965F}.Debug|Any CPU.ActiveCfg = Debug|Any CPU
		{23A2D650-EBE4-4B03-8B08-F5A9A728965F}.Debug|Any CPU.Build.0 = Debug|Any CPU
		{23A2D650-EBE4-4B03-8B08-F5A9A728965F}.Debug|ARM.ActiveCfg = Debug|Any CPU
		{23A2D650-EBE4-4B03-8B08-F5A9A728965F}.Debug|ARM.Build.0 = Debug|Any CPU
		{23A2D650-EBE4-4B03-8B08-F5A9A728965F}.Debug|ARM64.ActiveCfg = Debug|Any CPU
		{23A2D650-EBE4-4B03-8B08-F5A9A728965F}.Debug|ARM64.Build.0 = Debug|Any CPU
		{23A2D650-EBE4-4B03-8B08-F5A9A728965F}.Debug|x64.ActiveCfg = Debug|Any CPU
		{23A2D650-EBE4-4B03-8B08-F5A9A728965F}.Debug|x64.Build.0 = Debug|Any CPU
		{23A2D650-EBE4-4B03-8B08-F5A9A728965F}.Debug|x86.ActiveCfg = Debug|Any CPU
		{23A2D650-EBE4-4B03-8B08-F5A9A728965F}.Debug|x86.Build.0 = Debug|Any CPU
		{23A2D650-EBE4-4B03-8B08-F5A9A728965F}.Release|Any CPU.ActiveCfg = Release|Any CPU
		{23A2D650-EBE4-4B03-8B08-F5A9A728965F}.Release|Any CPU.Build.0 = Release|Any CPU
		{23A2D650-EBE4-4B03-8B08-F5A9A728965F}.Release|ARM.ActiveCfg = Release|Any CPU
		{23A2D650-EBE4-4B03-8B08-F5A9A728965F}.Release|ARM.Build.0 = Release|Any CPU
		{23A2D650-EBE4-4B03-8B08-F5A9A728965F}.Release|ARM64.ActiveCfg = Release|Any CPU
		{23A2D650-EBE4-4B03-8B08-F5A9A728965F}.Release|ARM64.Build.0 = Release|Any CPU
		{23A2D650-EBE4-4B03-8B08-F5A9A728965F}.Release|x64.ActiveCfg = Release|Any CPU
		{23A2D650-EBE4-4B03-8B08-F5A9A728965F}.Release|x64.Build.0 = Release|Any CPU
		{23A2D650-EBE4-4B03-8B08-F5A9A728965F}.Release|x86.ActiveCfg = Release|Any CPU
		{23A2D650-EBE4-4B03-8B08-F5A9A728965F}.Release|x86.Build.0 = Release|Any CPU
		{7AF62F74-544C-452C-A897-F5B9869B00BF}.Debug|Any CPU.ActiveCfg = Debug|Any CPU
		{7AF62F74-544C-452C-A897-F5B9869B00BF}.Debug|Any CPU.Build.0 = Debug|Any CPU
		{7AF62F74-544C-452C-A897-F5B9869B00BF}.Debug|ARM.ActiveCfg = Debug|Any CPU
		{7AF62F74-544C-452C-A897-F5B9869B00BF}.Debug|ARM.Build.0 = Debug|Any CPU
		{7AF62F74-544C-452C-A897-F5B9869B00BF}.Debug|ARM64.ActiveCfg = Debug|Any CPU
		{7AF62F74-544C-452C-A897-F5B9869B00BF}.Debug|ARM64.Build.0 = Debug|Any CPU
		{7AF62F74-544C-452C-A897-F5B9869B00BF}.Debug|x64.ActiveCfg = Debug|Any CPU
		{7AF62F74-544C-452C-A897-F5B9869B00BF}.Debug|x64.Build.0 = Debug|Any CPU
		{7AF62F74-544C-452C-A897-F5B9869B00BF}.Debug|x86.ActiveCfg = Debug|Any CPU
		{7AF62F74-544C-452C-A897-F5B9869B00BF}.Debug|x86.Build.0 = Debug|Any CPU
		{7AF62F74-544C-452C-A897-F5B9869B00BF}.Release|Any CPU.ActiveCfg = Release|Any CPU
		{7AF62F74-544C-452C-A897-F5B9869B00BF}.Release|Any CPU.Build.0 = Release|Any CPU
		{7AF62F74-544C-452C-A897-F5B9869B00BF}.Release|ARM.ActiveCfg = Release|Any CPU
		{7AF62F74-544C-452C-A897-F5B9869B00BF}.Release|ARM.Build.0 = Release|Any CPU
		{7AF62F74-544C-452C-A897-F5B9869B00BF}.Release|ARM64.ActiveCfg = Release|Any CPU
		{7AF62F74-544C-452C-A897-F5B9869B00BF}.Release|ARM64.Build.0 = Release|Any CPU
		{7AF62F74-544C-452C-A897-F5B9869B00BF}.Release|x64.ActiveCfg = Release|Any CPU
		{7AF62F74-544C-452C-A897-F5B9869B00BF}.Release|x64.Build.0 = Release|Any CPU
		{7AF62F74-544C-452C-A897-F5B9869B00BF}.Release|x86.ActiveCfg = Release|Any CPU
		{7AF62F74-544C-452C-A897-F5B9869B00BF}.Release|x86.Build.0 = Release|Any CPU
	EndGlobalSection
	GlobalSection(SolutionProperties) = preSolution
		HideSolutionNode = FALSE
	EndGlobalSection
	GlobalSection(NestedProjects) = preSolution
		{E7922478-A845-4EB2-AD66-1143B8AFE48F} = {5BF84A87-409D-4FDA-A4AF-3745F2D633A2}
		{E288CCB5-B3BF-4730-A1FB-FE20353F6263} = {A5562902-5725-47A9-B058-429D820A6B22}
		{57D8D702-4E9E-4283-B5EF-CAF450C9AF24} = {078D7A4C-C9DE-43DB-A7F8-8BA2E823E98B}
		{D590DADB-F14A-4CEA-9804-56E9DCAEABCC} = {D732B01D-B0FA-421A-A736-5D88F68CD532}
		{90F0D866-0F35-40B6-85AA-8044745AB163} = {0EBD3DBE-C0F0-4052-823F-25787AD69759}
		{22C3378E-FECC-4D7E-B59D-B82F90777B03} = {D7991E51-45B6-4DA9-B494-E955692B62A1}
		{2268B39D-2BFD-483F-9C7B-7CF760827784} = {D7991E51-45B6-4DA9-B494-E955692B62A1}
		{B1E0FD66-F15C-4C5D-9232-7FCF58C8D5BD} = {3A2D2A59-8EBF-4FDB-88C9-69A1BBF80A28}
		{B284D64F-D945-47AA-98B0-AE060ECE8BC1} = {15B8823C-C8F6-409F-8E6B-D63C39B87BBB}
		{E7F60A6F-D29E-4469-8D1A-A0FB9F5588EB} = {D91A8148-576B-4305-8EC2-227F36020015}
		{23A2D650-EBE4-4B03-8B08-F5A9A728965F} = {20E77760-82DC-4E4A-A7B8-9A03EA47120D}
		{7AF62F74-544C-452C-A897-F5B9869B00BF} = {D7991E51-45B6-4DA9-B494-E955692B62A1}
	EndGlobalSection
	GlobalSection(ExtensibilityGlobals) = postSolution
		SolutionGuid = {1045574C-22C2-4EA7-93B9-02E75C7C4132}
	EndGlobalSection
EndGlobal
