
Microsoft Visual Studio Solution File, Format Version 12.00
# Visual Studio 15
VisualStudioVersion = 15.0.28307.705
MinimumVisualStudioVersion = 10.0.40219.1
Project("{2150E333-8FDC-42A3-9474-1A3956D46DE8}") = "Physics", "Physics", "{D732B01D-B0FA-421A-A736-5D88F68CD532}"
EndProject
Project("{2150E333-8FDC-42A3-9474-1A3956D46DE8}") = "Input", "Input", "{A5562902-5725-47A9-B058-429D820A6B22}"
EndProject
Project("{2150E333-8FDC-42A3-9474-1A3956D46DE8}") = "UI", "UI", "{0EBD3DBE-C0F0-4052-823F-25787AD69759}"
EndProject
Project("{2150E333-8FDC-42A3-9474-1A3956D46DE8}") = "Core", "Core", "{5BF84A87-409D-4FDA-A4AF-3745F2D633A2}"
EndProject
Project("{2150E333-8FDC-42A3-9474-1A3956D46DE8}") = "Interfaces", "Interfaces", "{078D7A4C-C9DE-43DB-A7F8-8BA2E823E98B}"
EndProject
Project("{FAE04EC0-301F-11D3-BF4B-00C04F79EFBC}") = "Pong.Core", "Pong.Core\Pong.Core.csproj", "{E7922478-A845-4EB2-AD66-1143B8AFE48F}"
EndProject
Project("{FAE04EC0-301F-11D3-BF4B-00C04F79EFBC}") = "Pong.Input", "Pong.Input\Pong.Input.csproj", "{E288CCB5-B3BF-4730-A1FB-FE20353F6263}"
EndProject
Project("{FAE04EC0-301F-11D3-BF4B-00C04F79EFBC}") = "Pong.Interfaces", "Pong.Interfaces\Pong.Interfaces.csproj", "{57D8D702-4E9E-4283-B5EF-CAF450C9AF24}"
EndProject
Project("{FAE04EC0-301F-11D3-BF4B-00C04F79EFBC}") = "Pong.Physics", "Pong.Physics\Pong.Physics.csproj", "{D590DADB-F14A-4CEA-9804-56E9DCAEABCC}"
EndProject
Project("{FAE04EC0-301F-11D3-BF4B-00C04F79EFBC}") = "Pong.UI", "Pong.UI\Pong.UI.csproj", "{90F0D866-0F35-40B6-85AA-8044745AB163}"
EndProject
Project("{FAE04EC0-301F-11D3-BF4B-00C04F79EFBC}") = "Pong.Deploy", "Pong.Deploy\Pong.Deploy.csproj", "{0412BF7A-81D2-49AD-990E-0A5FECCE762D}"
EndProject
Project("{FAE04EC0-301F-11D3-BF4B-00C04F79EFBC}") = "Pong.Desktop", "Pong.Desktop\Pong.Desktop.csproj", "{22C3378E-FECC-4D7E-B59D-B82F90777B03}"
EndProject
Project("{FAE04EC0-301F-11D3-BF4B-00C04F79EFBC}") = "Pong.Android", "Pong.Android\Pong.Android.csproj", "{2268B39D-2BFD-483F-9C7B-7CF760827784}"
EndProject
Global
	GlobalSection(SolutionConfigurationPlatforms) = preSolution
		Debug|Any CPU = Debug|Any CPU
		Release|Any CPU = Release|Any CPU
	EndGlobalSection
	GlobalSection(ProjectConfigurationPlatforms) = postSolution
		{E7922478-A845-4EB2-AD66-1143B8AFE48F}.Debug|Any CPU.ActiveCfg = Debug|Any CPU
		{E7922478-A845-4EB2-AD66-1143B8AFE48F}.Debug|Any CPU.Build.0 = Debug|Any CPU
		{E7922478-A845-4EB2-AD66-1143B8AFE48F}.Release|Any CPU.ActiveCfg = Release|Any CPU
		{E7922478-A845-4EB2-AD66-1143B8AFE48F}.Release|Any CPU.Build.0 = Release|Any CPU
		{E288CCB5-B3BF-4730-A1FB-FE20353F6263}.Debug|Any CPU.ActiveCfg = Debug|Any CPU
		{E288CCB5-B3BF-4730-A1FB-FE20353F6263}.Debug|Any CPU.Build.0 = Debug|Any CPU
		{E288CCB5-B3BF-4730-A1FB-FE20353F6263}.Release|Any CPU.ActiveCfg = Release|Any CPU
		{E288CCB5-B3BF-4730-A1FB-FE20353F6263}.Release|Any CPU.Build.0 = Release|Any CPU
		{57D8D702-4E9E-4283-B5EF-CAF450C9AF24}.Debug|Any CPU.ActiveCfg = Debug|Any CPU
		{57D8D702-4E9E-4283-B5EF-CAF450C9AF24}.Debug|Any CPU.Build.0 = Debug|Any CPU
		{57D8D702-4E9E-4283-B5EF-CAF450C9AF24}.Release|Any CPU.ActiveCfg = Release|Any CPU
		{57D8D702-4E9E-4283-B5EF-CAF450C9AF24}.Release|Any CPU.Build.0 = Release|Any CPU
		{D590DADB-F14A-4CEA-9804-56E9DCAEABCC}.Debug|Any CPU.ActiveCfg = Debug|Any CPU
		{D590DADB-F14A-4CEA-9804-56E9DCAEABCC}.Debug|Any CPU.Build.0 = Debug|Any CPU
		{D590DADB-F14A-4CEA-9804-56E9DCAEABCC}.Release|Any CPU.ActiveCfg = Release|Any CPU
		{D590DADB-F14A-4CEA-9804-56E9DCAEABCC}.Release|Any CPU.Build.0 = Release|Any CPU
		{90F0D866-0F35-40B6-85AA-8044745AB163}.Debug|Any CPU.ActiveCfg = Debug|Any CPU
		{90F0D866-0F35-40B6-85AA-8044745AB163}.Debug|Any CPU.Build.0 = Debug|Any CPU
		{90F0D866-0F35-40B6-85AA-8044745AB163}.Release|Any CPU.ActiveCfg = Release|Any CPU
		{90F0D866-0F35-40B6-85AA-8044745AB163}.Release|Any CPU.Build.0 = Release|Any CPU
		{0412BF7A-81D2-49AD-990E-0A5FECCE762D}.Debug|Any CPU.ActiveCfg = Debug|Any CPU
		{0412BF7A-81D2-49AD-990E-0A5FECCE762D}.Debug|Any CPU.Build.0 = Debug|Any CPU
		{0412BF7A-81D2-49AD-990E-0A5FECCE762D}.Release|Any CPU.ActiveCfg = Release|Any CPU
		{0412BF7A-81D2-49AD-990E-0A5FECCE762D}.Release|Any CPU.Build.0 = Release|Any CPU
		{22C3378E-FECC-4D7E-B59D-B82F90777B03}.Debug|Any CPU.ActiveCfg = Debug|Any CPU
		{22C3378E-FECC-4D7E-B59D-B82F90777B03}.Debug|Any CPU.Build.0 = Debug|Any CPU
		{22C3378E-FECC-4D7E-B59D-B82F90777B03}.Release|Any CPU.ActiveCfg = Release|Any CPU
		{22C3378E-FECC-4D7E-B59D-B82F90777B03}.Release|Any CPU.Build.0 = Release|Any CPU
		{2268B39D-2BFD-483F-9C7B-7CF760827784}.Debug|Any CPU.ActiveCfg = Debug|Any CPU
		{2268B39D-2BFD-483F-9C7B-7CF760827784}.Debug|Any CPU.Build.0 = Debug|Any CPU
		{2268B39D-2BFD-483F-9C7B-7CF760827784}.Debug|Any CPU.Deploy.0 = Debug|Any CPU
		{2268B39D-2BFD-483F-9C7B-7CF760827784}.Release|Any CPU.ActiveCfg = Release|Any CPU
		{2268B39D-2BFD-483F-9C7B-7CF760827784}.Release|Any CPU.Build.0 = Release|Any CPU
		{2268B39D-2BFD-483F-9C7B-7CF760827784}.Release|Any CPU.Deploy.0 = Release|Any CPU
	EndGlobalSection
	GlobalSection(SolutionProperties) = preSolution
		HideSolutionNode = FALSE
	EndGlobalSection
	GlobalSection(NestedProjects) = preSolution
		{E7922478-A845-4EB2-AD66-1143B8AFE48F} = {5BF84A87-409D-4FDA-A4AF-3745F2D633A2}
		{E288CCB5-B3BF-4730-A1FB-FE20353F6263} = {A5562902-5725-47A9-B058-429D820A6B22}
		{57D8D702-4E9E-4283-B5EF-CAF450C9AF24} = {078D7A4C-C9DE-43DB-A7F8-8BA2E823E98B}
		{D590DADB-F14A-4CEA-9804-56E9DCAEABCC} = {D732B01D-B0FA-421A-A736-5D88F68CD532}
		{90F0D866-0F35-40B6-85AA-8044745AB163} = {0EBD3DBE-C0F0-4052-823F-25787AD69759}
	EndGlobalSection
	GlobalSection(ExtensibilityGlobals) = postSolution
		SolutionGuid = {1045574C-22C2-4EA7-93B9-02E75C7C4132}
	EndGlobalSection
EndGlobal
